
Microsoft Visual Studio Solution File, Format Version 12.00
# Visual Studio Version 17
VisualStudioVersion = 17.2.32630.192
MinimumVisualStudioVersion = 10.0.40219.1
Project("{FAE04EC0-301F-11D3-BF4B-00C04F79EFBC}") = "M2S10Ex4", "M2S10Ex4.csproj", "{35BC590B-EC4F-475C-AC8D-D160EDEEA353}"
EndProject
Global
	GlobalSection(SolutionConfigurationPlatforms) = preSolution
		Debug|Any CPU = Debug|Any CPU
		Release|Any CPU = Release|Any CPU
	EndGlobalSection
	GlobalSection(ProjectConfigurationPlatforms) = postSolution
		{35BC590B-EC4F-475C-AC8D-D160EDEEA353}.Debug|Any CPU.ActiveCfg = Debug|Any CPU
		{35BC590B-EC4F-475C-AC8D-D160EDEEA353}.Debug|Any CPU.Build.0 = Debug|Any CPU
		{35BC590B-EC4F-475C-AC8D-D160EDEEA353}.Release|Any CPU.ActiveCfg = Release|Any CPU
		{35BC590B-EC4F-475C-AC8D-D160EDEEA353}.Release|Any CPU.Build.0 = Release|Any CPU
	EndGlobalSection
	GlobalSection(SolutionProperties) = preSolution
		HideSolutionNode = FALSE
	EndGlobalSection
	GlobalSection(ExtensibilityGlobals) = postSolution
		SolutionGuid = {E7572155-12BE-4D85-9F58-63DEEE5E92D9}
	EndGlobalSection
EndGlobal
